
Microsoft Visual Studio Solution File, Format Version 12.00
Project("{FAE04EC0-301F-11D3-BF4B-00C04F79EFBC}") = "HomeWork_7_Prokopenko_Olexiy", "HomeWork_7_Prokopenko_Olexiy\HomeWork_7_Prokopenko_Olexiy.csproj", "{8DB14B86-B09F-470C-9E28-3ACE0E7CE5C7}"
EndProject
Global
	GlobalSection(SolutionConfigurationPlatforms) = preSolution
		Debug|Any CPU = Debug|Any CPU
		Release|Any CPU = Release|Any CPU
	EndGlobalSection
	GlobalSection(ProjectConfigurationPlatforms) = postSolution
		{8DB14B86-B09F-470C-9E28-3ACE0E7CE5C7}.Debug|Any CPU.ActiveCfg = Debug|Any CPU
		{8DB14B86-B09F-470C-9E28-3ACE0E7CE5C7}.Debug|Any CPU.Build.0 = Debug|Any CPU
		{8DB14B86-B09F-470C-9E28-3ACE0E7CE5C7}.Release|Any CPU.ActiveCfg = Release|Any CPU
		{8DB14B86-B09F-470C-9E28-3ACE0E7CE5C7}.Release|Any CPU.Build.0 = Release|Any CPU
	EndGlobalSection
EndGlobal
