
Microsoft Visual Studio Solution File, Format Version 12.00
Project("{FAE04EC0-301F-11D3-BF4B-00C04F79EFBC}") = "HomeWork_4_Prokopenko_Olexiy", "HomeWork_4_Prokopenko_Olexiy\HomeWork_4_Prokopenko_Olexiy.csproj", "{A91EF050-FDC4-453A-BFAE-26E6F62D9927}"
EndProject
Global
	GlobalSection(SolutionConfigurationPlatforms) = preSolution
		Debug|Any CPU = Debug|Any CPU
		Release|Any CPU = Release|Any CPU
	EndGlobalSection
	GlobalSection(ProjectConfigurationPlatforms) = postSolution
		{A91EF050-FDC4-453A-BFAE-26E6F62D9927}.Debug|Any CPU.ActiveCfg = Debug|Any CPU
		{A91EF050-FDC4-453A-BFAE-26E6F62D9927}.Debug|Any CPU.Build.0 = Debug|Any CPU
		{A91EF050-FDC4-453A-BFAE-26E6F62D9927}.Release|Any CPU.ActiveCfg = Release|Any CPU
		{A91EF050-FDC4-453A-BFAE-26E6F62D9927}.Release|Any CPU.Build.0 = Release|Any CPU
	EndGlobalSection
EndGlobal
